{
  "originHash" : "35f5101309954c834b44e1e4d4479832aa02d2f7c12c237a6b4c0492a2a6af9f",
  "pins" : [
    {
      "identity" : "gifu",
      "kind" : "remoteSourceControl",
      "location" : "https://github.com/kaishin/Gifu.git",
      "state" : {
        "revision" : "46434cd816f035271beb16d80f7bc91381cbd8e4",
        "version" : "3.5.1"
      }
    },
    {
      "identity" : "sdwebimage",
      "kind" : "remoteSourceControl",
      "location" : "https://github.com/SDWebImage/SDWebImage.git",
      "state" : {
        "revision" : "cac9a55a3ae92478a2c95042dcc8d9695d2129ca",
        "version" : "5.21.0"
      }
    },
    {
      "identity" : "sdwebimageswiftui",
      "kind" : "remoteSourceControl",
      "location" : "https://github.com/SDWebImage/SDWebImageSwiftUI",
      "state" : {
        "revision" : "451c6dfd5ecec2cf626d1d9ca81c2d4a60355172",
        "version" : "3.1.3"
      }
    }
  ],
  "version" : 3
}
